
Microsoft Visual Studio Solution File, Format Version 12.00
# Visual Studio Version 16
VisualStudioVersion = 16.0.30225.117
MinimumVisualStudioVersion = 10.0.40219.1
Project("{FAE04EC0-301F-11D3-BF4B-00C04F79EFBC}") = "lab16.2_typescript", "lab16.2_typescript\lab16.2_typescript.csproj", "{B9124E13-633A-4251-A88D-12690732C409}"
EndProject
Global
	GlobalSection(SolutionConfigurationPlatforms) = preSolution
		Debug|Any CPU = Debug|Any CPU
		Release|Any CPU = Release|Any CPU
	EndGlobalSection
	GlobalSection(ProjectConfigurationPlatforms) = postSolution
		{B9124E13-633A-4251-A88D-12690732C409}.Debug|Any CPU.ActiveCfg = Debug|Any CPU
		{B9124E13-633A-4251-A88D-12690732C409}.Debug|Any CPU.Build.0 = Debug|Any CPU
		{B9124E13-633A-4251-A88D-12690732C409}.Release|Any CPU.ActiveCfg = Release|Any CPU
		{B9124E13-633A-4251-A88D-12690732C409}.Release|Any CPU.Build.0 = Release|Any CPU
	EndGlobalSection
	GlobalSection(SolutionProperties) = preSolution
		HideSolutionNode = FALSE
	EndGlobalSection
	GlobalSection(ExtensibilityGlobals) = postSolution
		SolutionGuid = {F261DD09-72D7-4CD3-8DAA-8607EF30535B}
	EndGlobalSection
EndGlobal
